
Microsoft Visual Studio Solution File, Format Version 12.00
# Visual Studio Version 16
VisualStudioVersion = 16.0.30104.148
MinimumVisualStudioVersion = 10.0.40219.1
Project("{FAE04EC0-301F-11D3-BF4B-00C04F79EFBC}") = "GZipTest", "GZipTest\GZipTest.csproj", "{4D9BAFDB-056F-44F7-951D-F78607D195EE}"
EndProject
Global
	GlobalSection(SolutionConfigurationPlatforms) = preSolution
		Debug|Any CPU = Debug|Any CPU
		Release|Any CPU = Release|Any CPU
	EndGlobalSection
	GlobalSection(ProjectConfigurationPlatforms) = postSolution
		{4D9BAFDB-056F-44F7-951D-F78607D195EE}.Debug|Any CPU.ActiveCfg = Debug|Any CPU
		{4D9BAFDB-056F-44F7-951D-F78607D195EE}.Debug|Any CPU.Build.0 = Debug|Any CPU
		{4D9BAFDB-056F-44F7-951D-F78607D195EE}.Release|Any CPU.ActiveCfg = Release|Any CPU
		{4D9BAFDB-056F-44F7-951D-F78607D195EE}.Release|Any CPU.Build.0 = Release|Any CPU
	EndGlobalSection
	GlobalSection(SolutionProperties) = preSolution
		HideSolutionNode = FALSE
	EndGlobalSection
	GlobalSection(ExtensibilityGlobals) = postSolution
		SolutionGuid = {AC70D379-6CF0-4834-9C6A-34C1457C1F32}
	EndGlobalSection
EndGlobal
